# This file is autogenerated, do not edit; changes may be undone by the next 'dep ensure'.


[[projects]]
  name = "cloud.google.com/go"
  packages = ["compute/metadata"]
  revision = "4ce401d35e3bca0758067449fc7a326aa94f673b"
  version = "v0.58.0"

[[projects]]
  name = "github.com/GoogleCloudPlatform/gke-managed-certs"
  packages = ["pkg/apis/networking.gke.io/v1beta1"]
  revision = "04ab226c1b2747b74f3f622a0ef1277190b2c612"
  version = "v0.3.4"

[[projects]]
  name = "github.com/PuerkitoBio/purell"
  packages = ["."]
  revision = "44968752391892e1b0d0b821ee79e9a85fa13049"
  version = "v1.1.1"

[[projects]]
  branch = "master"
  name = "github.com/PuerkitoBio/urlesc"
  packages = ["."]
  revision = "de5bf2ad457846296e2031421a34e2568e304e35"

[[projects]]
  name = "github.com/aws/aws-sdk-go"
  packages = ["aws","aws/arn","aws/awserr","aws/awsutil","aws/client","aws/client/metadata","aws/corehandlers","aws/credentials","aws/credentials/ec2rolecreds","aws/credentials/endpointcreds","aws/credentials/processcreds","aws/credentials/stscreds","aws/crr","aws/csm","aws/defaults","aws/ec2metadata","aws/endpoints","aws/request","aws/session","aws/signer/v4","internal/context","internal/ini","internal/s3err","internal/sdkio","internal/sdkmath","internal/sdkrand","internal/sdkuri","internal/shareddefaults","internal/strings","internal/sync/singleflight","private/checksum","private/protocol","private/protocol/ec2query","private/protocol/eventstream","private/protocol/eventstream/eventstreamapi","private/protocol/json/jsonutil","private/protocol/jsonrpc","private/protocol/query","private/protocol/query/queryutil","private/protocol/rest","private/protocol/restjson","private/protocol/restxml","private/protocol/xml/xmlutil","service/acm","service/autoscaling","service/cloudwatchlogs","service/dynamodb","service/ec2","service/ecs","service/iam","service/kms","service/lambda","service/rds","service/s3","service/s3/internal/arn","service/s3/s3iface","service/s3/s3manager","service/sns","service/sqs","service/ssm","service/sts","service/sts/stsiface"]
  revision = "2906c121f728749cfb141319b66573ec1e21a234"
  version = "v1.32.3"

[[projects]]
  name = "github.com/boombuler/barcode"
  packages = [".","qr","utils"]
  revision = "3cfea5ab600ae37946be2b763b8ec2c1cf2d272d"
  version = "v1.0.0"

[[projects]]
  name = "github.com/cpuguy83/go-md2man"
  packages = ["md2man"]
  revision = "7762f7e404f8416dfa1d9bb6a8c192aa9acb4d19"
  version = "v1.0.10"

[[projects]]
  name = "github.com/davecgh/go-spew"
  packages = ["spew"]
  revision = "8991bc29aa16c548c550c7ff78260e27b9ab7c73"
  version = "v1.1.1"

[[projects]]
  branch = "master"
  name = "github.com/docker/spdystream"
  packages = [".","spdy"]
  revision = "6480d4af844c189cf5dd913db24ddd339d3a4f85"

[[projects]]
  name = "github.com/emicklei/go-restful"
  packages = [".","log"]
  revision = "81a0793b7c4db7e7a3b86dec8d542edbbd3e6a22"
  version = "v2.13.0"

[[projects]]
  name = "github.com/ghodss/yaml"
  packages = ["."]
  revision = "0ca9ea5df5451ffdf184b4428c902747c2c11cd7"
  version = "v1.0.0"

[[projects]]
  name = "github.com/go-errors/errors"
  packages = ["."]
  revision = "7c023725d0115f2e05423b2b43a8f85c42f7a6af"
  version = "v1.1.1"

[[projects]]
  name = "github.com/go-openapi/jsonpointer"
  packages = ["."]
  revision = "ed123515f087412cd7ef02e49b0b0a5e6a79a360"
  version = "v0.19.3"

[[projects]]
  name = "github.com/go-openapi/jsonreference"
  packages = ["."]
  revision = "82f31475a8f7a12bc26962f6e26ceade8ea6f66a"
  version = "v0.19.3"

[[projects]]
  name = "github.com/go-openapi/spec"
  packages = ["."]
  revision = "1a91a85df30408d932152159dc7aac569a39cac9"
  version = "v0.19.8"

[[projects]]
  name = "github.com/go-openapi/swag"
  packages = ["."]
  revision = "ab98f8e6456407f6afd63e441c5304d6ef60cb7f"
  version = "v0.19.9"

[[projects]]
  name = "github.com/go-sql-driver/mysql"
  packages = ["."]
  revision = "17ef3dd9d98b69acec3e85878995ada9533a9370"
  version = "v1.5.0"

[[projects]]
  name = "github.com/gogo/protobuf"
  packages = ["proto","sortkeys"]
  revision = "5628607bb4c51c3157aacc3a50f0ab707582b805"
  version = "v1.3.1"

[[projects]]
  name = "github.com/golang/protobuf"
  packages = ["proto","ptypes","ptypes/any","ptypes/duration","ptypes/timestamp"]
  revision = "d04d7b157bb510b1e0c10132224b616ac0e26b17"
  version = "v1.4.2"

[[projects]]
  name = "github.com/google/gofuzz"
  packages = ["."]
  revision = "db92cf7ae75e4a7a28abc005addab2b394362888"
  version = "v1.1.0"

[[projects]]
  name = "github.com/google/uuid"
  packages = ["."]
  revision = "0cd6bf5da1e1c83f8b45653022c74f71af0538a4"
  version = "v1.1.1"

[[projects]]
  name = "github.com/googleapis/gnostic"
  packages = ["OpenAPIv2","compiler","extensions"]
  revision = "99384834bf8c58ce7ab88db353283bedcb53e1ca"
  version = "v0.4.0"

[[projects]]
  name = "github.com/gruntwork-io/gruntwork-cli"
  packages = ["collections","errors"]
  revision = "00c7cf83f6832942954ee890cf6e8a525b5caec1"
  version = "v0.6.1"

[[projects]]
  name = "github.com/gruntwork-io/terratest"
  packages = ["modules/aws","modules/collections","modules/customerrors","modules/environment","modules/files","modules/helm","modules/k8s","modules/logger","modules/random","modules/retry","modules/shell","modules/ssh","modules/testing"]
  revision = ""
  version = "v0.28.5"

[[projects]]
  name = "github.com/imdario/mergo"
  packages = ["."]
  revision = "66f88b4ae75f5edcc556623b96ff32c06360fbb7"
  version = "v0.3.9"

[[projects]]
  name = "github.com/jmespath/go-jmespath"
  packages = ["."]
  revision = "c2b33e84"

[[projects]]
  name = "github.com/json-iterator/go"
  packages = ["."]
  revision = "a1ca0830781e007c66b225121d2cdb3a649421f6"
  version = "v1.1.10"

[[projects]]
  name = "github.com/mailru/easyjson"
  packages = ["buffer","jlexer","jwriter"]
  revision = "8edcc4e51f39ddbd3505a3386aff3f435a7fd028"
  version = "v0.7.1"

[[projects]]
  name = "github.com/mitchellh/go-homedir"
  packages = ["."]
  revision = "af06845cf3004701891bf4fdb884bfe4920b3727"
  version = "v1.1.0"

[[projects]]
  name = "github.com/modern-go/concurrent"
  packages = ["."]
  revision = "bacd9c7ef1dd9b15be4a9909b8ac7a4e313eec94"
  version = "1.0.3"

[[projects]]
  name = "github.com/modern-go/reflect2"
  packages = ["."]
  revision = "4b7aa43c6742a2c18fdef89dd197aaae7dac7ccd"
  version = "1.0.1"

[[projects]]
  name = "github.com/pmezard/go-difflib"
  packages = ["difflib"]
  revision = "792786c7400a136282c1664665ae0a8db921c6c2"
  version = "v1.0.0"

[[projects]]
  name = "github.com/pquerna/otp"
  packages = [".","hotp","totp"]
  revision = "43bebefda392017900e7a7b237b4c914c6a55b50"
  version = "v1.2.0"

[[projects]]
  name = "github.com/russross/blackfriday"
  packages = ["."]
  revision = ""
  version = "v1.5.2"

[[projects]]
  name = "github.com/spf13/pflag"
  packages = ["."]
  revision = "2e9d26c8c37aae03e3f9d4e90b7116f5accb7cab"
  version = "v1.0.5"

[[projects]]
  name = "github.com/stretchr/testify"
  packages = ["assert","require"]
  revision = "f654a9112bbeac49ca2cd45bfbe11533c4666cf8"
  version = "v1.6.1"

[[projects]]
  name = "github.com/urfave/cli"
  packages = ["."]
  revision = "bfe2e925cfb6d44b40ad3a779165ea7e8aff9212"
  version = "v1.22.0"

[[projects]]
  branch = "master"
  name = "golang.org/x/crypto"
  packages = ["blowfish","chacha20","curve25519","ed25519","ed25519/internal/edwards25519","internal/subtle","poly1305","ssh","ssh/agent","ssh/internal/bcrypt_pbkdf","ssh/terminal"]
  revision = "70a84ac30bf957c7df57edd1935d2081871515e1"

[[projects]]
  branch = "master"
  name = "golang.org/x/net"
  packages = ["context","context/ctxhttp","http/httpguts","http2","http2/hpack","idna"]
  revision = "627f9648deb96c27737b83199d44bb5c1010cbcf"

[[projects]]
  branch = "master"
  name = "golang.org/x/oauth2"
  packages = [".","google","internal","jws","jwt"]
  revision = "bf48bf16ab8d622ce64ec6ce98d2c98f916b6303"

[[projects]]
  branch = "master"
  name = "golang.org/x/sys"
  packages = ["cpu","internal/unsafeheader","unix","windows"]
  revision = "f1bc736245b146b19d485cdbc534f9a765257080"

[[projects]]
  name = "golang.org/x/text"
  packages = ["collate","collate/build","internal/colltab","internal/gen","internal/language","internal/language/compact","internal/tag","internal/triegen","internal/ucd","language","secure/bidirule","transform","unicode/bidi","unicode/cldr","unicode/norm","unicode/rangetable","width"]
  revision = "23ae387dee1f90d29a23c0e87ee0b46038fbed0e"
  version = "v0.3.3"

[[projects]]
  branch = "master"
  name = "golang.org/x/time"
  packages = ["rate"]
  revision = "89c76fbcd5d1cd4969e5d2fe19d48b19d5ad94a0"

[[projects]]
  name = "google.golang.org/appengine"
  packages = [".","internal","internal/app_identity","internal/base","internal/datastore","internal/log","internal/modules","internal/remote_api","internal/urlfetch","urlfetch"]
  revision = "553959209a20f3be281c16dd5be5c740a893978f"
  version = "v1.6.6"

[[projects]]
  name = "google.golang.org/protobuf"
  packages = ["encoding/prototext","encoding/protowire","internal/descfmt","internal/descopts","internal/detrand","internal/encoding/defval","internal/encoding/messageset","internal/encoding/tag","internal/encoding/text","internal/errors","internal/fieldnum","internal/fieldsort","internal/filedesc","internal/filetype","internal/flags","internal/genname","internal/impl","internal/mapsort","internal/pragma","internal/set","internal/strs","internal/version","proto","reflect/protoreflect","reflect/protoregistry","runtime/protoiface","runtime/protoimpl","types/known/anypb","types/known/durationpb","types/known/timestamppb"]
  revision = "5c3dd7024aed895adfe053f26b5a479e991cbca9"
  version = "v1.24.0"

[[projects]]
  name = "gopkg.in/inf.v0"
  packages = ["."]
  revision = "d2d2541c53f18d2a059457998ce2876cc8e67cbf"
  version = "v0.9.1"

[[projects]]
  name = "gopkg.in/yaml.v2"
  packages = ["."]
  revision = "0b1645d91e851e735d3e23330303ce81f70adbe3"
  version = "v2.3.0"

[[projects]]
  branch = "v3"
  name = "gopkg.in/yaml.v3"
  packages = ["."]
  revision = "eeeca48fe7764f320e4870d231902bf9c1be2c08"

[[projects]]
  name = "k8s.io/api"
  packages = ["admissionregistration/v1","admissionregistration/v1beta1","apps/v1","apps/v1beta1","apps/v1beta2","auditregistration/v1alpha1","authentication/v1","authentication/v1beta1","authorization/v1","authorization/v1beta1","autoscaling/v1","autoscaling/v2beta1","autoscaling/v2beta2","batch/v1","batch/v1beta1","batch/v2alpha1","certificates/v1beta1","coordination/v1","coordination/v1beta1","core/v1","discovery/v1alpha1","discovery/v1beta1","events/v1beta1","extensions/v1beta1","flowcontrol/v1alpha1","networking/v1","networking/v1beta1","node/v1alpha1","node/v1beta1","policy/v1beta1","rbac/v1","rbac/v1alpha1","rbac/v1beta1","scheduling/v1","scheduling/v1alpha1","scheduling/v1beta1","settings/v1alpha1","storage/v1","storage/v1alpha1","storage/v1beta1"]
  revision = "1e302578cbe7c928762bcfe8fe1dd5a3aaa07e94"
  version = "v0.18.3"

[[projects]]
  name = "k8s.io/apimachinery"
  packages = ["pkg/api/errors","pkg/api/meta","pkg/api/resource","pkg/apis/meta/internalversion","pkg/apis/meta/v1","pkg/apis/meta/v1/unstructured","pkg/apis/meta/v1beta1","pkg/conversion","pkg/conversion/queryparams","pkg/fields","pkg/labels","pkg/runtime","pkg/runtime/schema","pkg/runtime/serializer","pkg/runtime/serializer/json","pkg/runtime/serializer/protobuf","pkg/runtime/serializer/recognizer","pkg/runtime/serializer/streaming","pkg/runtime/serializer/versioning","pkg/selection","pkg/types","pkg/util/clock","pkg/util/errors","pkg/util/framer","pkg/util/httpstream","pkg/util/httpstream/spdy","pkg/util/intstr","pkg/util/json","pkg/util/naming","pkg/util/net","pkg/util/runtime","pkg/util/sets","pkg/util/validation","pkg/util/validation/field","pkg/util/wait","pkg/util/yaml","pkg/version","pkg/watch","third_party/forked/golang/netutil","third_party/forked/golang/reflect"]
  revision = "0da73201eee14a28f587e2d022e1c4ffb05d66d5"
  version = "v0.17.6"

[[projects]]
  name = "k8s.io/client-go"
  packages = ["discovery","kubernetes","kubernetes/scheme","kubernetes/typed/admissionregistration/v1","kubernetes/typed/admissionregistration/v1beta1","kubernetes/typed/apps/v1","kubernetes/typed/apps/v1beta1","kubernetes/typed/apps/v1beta2","kubernetes/typed/auditregistration/v1alpha1","kubernetes/typed/authentication/v1","kubernetes/typed/authentication/v1beta1","kubernetes/typed/authorization/v1","kubernetes/typed/authorization/v1beta1","kubernetes/typed/autoscaling/v1","kubernetes/typed/autoscaling/v2beta1","kubernetes/typed/autoscaling/v2beta2","kubernetes/typed/batch/v1","kubernetes/typed/batch/v1beta1","kubernetes/typed/batch/v2alpha1","kubernetes/typed/certificates/v1beta1","kubernetes/typed/coordination/v1","kubernetes/typed/coordination/v1beta1","kubernetes/typed/core/v1","kubernetes/typed/discovery/v1alpha1","kubernetes/typed/discovery/v1beta1","kubernetes/typed/events/v1beta1","kubernetes/typed/extensions/v1beta1","kubernetes/typed/flowcontrol/v1alpha1","kubernetes/typed/networking/v1","kubernetes/typed/networking/v1beta1","kubernetes/typed/node/v1alpha1","kubernetes/typed/node/v1beta1","kubernetes/typed/policy/v1beta1","kubernetes/typed/rbac/v1","kubernetes/typed/rbac/v1alpha1","kubernetes/typed/rbac/v1beta1","kubernetes/typed/scheduling/v1","kubernetes/typed/scheduling/v1alpha1","kubernetes/typed/scheduling/v1beta1","kubernetes/typed/settings/v1alpha1","kubernetes/typed/storage/v1","kubernetes/typed/storage/v1alpha1","kubernetes/typed/storage/v1beta1","pkg/apis/clientauthentication","pkg/apis/clientauthentication/v1alpha1","pkg/apis/clientauthentication/v1beta1","pkg/version","plugin/pkg/client/auth/exec","plugin/pkg/client/auth/gcp","rest","rest/watch","third_party/forked/golang/template","tools/auth","tools/clientcmd","tools/clientcmd/api","tools/clientcmd/api/latest","tools/clientcmd/api/v1","tools/metrics","tools/portforward","tools/reference","transport","transport/spdy","util/cert","util/connrotation","util/flowcontrol","util/homedir","util/jsonpath","util/keyutil","util/workqueue"]
  revision = ""
  version = "v0.18.3"

[[projects]]
  name = "k8s.io/ingress-gce"
  packages = ["pkg/apis/backendconfig","pkg/apis/backendconfig/v1beta1"]
  revision = "317b13638e57215cb05412162e998f2772511a30"
  version = "v1.9.7"

[[projects]]
  name = "k8s.io/klog"
  packages = ["."]
  revision = ""
  version = "v0.2.0"

[[projects]]
  branch = "master"
  name = "k8s.io/kube-openapi"
  packages = ["pkg/common"]
  revision = "dffdd1682719d41e2bbf1581319af552fad133c4"

[[projects]]
  name = "k8s.io/kubernetes"
  packages = ["pkg/apis/autoscaling","pkg/apis/core"]
  revision = "c96aede7b5205121079932896c4ad89bb93260af"
  version = "v1.18.4"

[[projects]]
  branch = "master"
  name = "k8s.io/utils"
  packages = ["integer"]
  revision = "c1c6865ac45113491fd8207923d28d4bcff03a88"

[[projects]]
  name = "sigs.k8s.io/yaml"
  packages = ["."]
  revision = "9fc95527decd95bb9d28cc2eab08179b2d0f6971"
  version = "v1.2.0"

[solve-meta]
  analyzer-name = "dep"
  analyzer-version = 1
  inputs-digest = "cf6051f8543deae7031ef61779636cbd9f4ef79e02799cc7ef4f2a12ad52cc8a"
  solver-name = "gps-cdcl"
  solver-version = 1
