# This file is autogenerated, do not edit; changes may be undone by the next 'dep ensure'.


[[projects]]
  digest = "1:368928df47eb9ce98382e85af56985ece059a94a2a3693afd2eb5d123c819d0c"
  name = "cloud.google.com/go"
  packages = ["compute/metadata"]
  pruneopts = ""
  revision = "4ce401d35e3bca0758067449fc7a326aa94f673b"
  version = "v0.58.0"

[[projects]]
  digest = "1:46953827c78e38f26072ca38cfddcbf407367ce6dcffb32f6cd35ad6ad29f5b7"
  name = "github.com/GoogleCloudPlatform/gke-managed-certs"
  packages = ["pkg/apis/networking.gke.io/v1beta1"]
  pruneopts = ""
  revision = "04ab226c1b2747b74f3f622a0ef1277190b2c612"
  version = "v0.3.4"

[[projects]]
  digest = "1:c0952fb3cf9506cff577b4edf4458889570dcbd2902a7b90a1fd96bfbb97ccd8"
  name = "github.com/PuerkitoBio/purell"
  packages = ["."]
  pruneopts = ""
  revision = "44968752391892e1b0d0b821ee79e9a85fa13049"
  version = "v1.1.1"

[[projects]]
  branch = "master"
  digest = "1:331a419049c2be691e5ba1d24342fc77c7e767a80c666a18fd8a9f7b82419c1c"
  name = "github.com/PuerkitoBio/urlesc"
  packages = ["."]
  pruneopts = ""
  revision = "de5bf2ad457846296e2031421a34e2568e304e35"

[[projects]]
  digest = "1:07ed64a509f5083105d382bf6ef003353add378e071eb0edaf5262a15ea2dcf3"
  name = "github.com/aws/aws-sdk-go"
  packages = [
    "aws",
    "aws/arn",
    "aws/awserr",
    "aws/awsutil",
    "aws/client",
    "aws/client/metadata",
    "aws/corehandlers",
    "aws/credentials",
    "aws/credentials/ec2rolecreds",
    "aws/credentials/endpointcreds",
    "aws/credentials/processcreds",
    "aws/credentials/stscreds",
    "aws/crr",
    "aws/csm",
    "aws/defaults",
    "aws/ec2metadata",
    "aws/endpoints",
    "aws/request",
    "aws/session",
    "aws/signer/v4",
    "internal/context",
    "internal/ini",
    "internal/s3err",
    "internal/sdkio",
    "internal/sdkmath",
    "internal/sdkrand",
    "internal/sdkuri",
    "internal/shareddefaults",
    "internal/strings",
    "internal/sync/singleflight",
    "private/checksum",
    "private/protocol",
    "private/protocol/ec2query",
    "private/protocol/eventstream",
    "private/protocol/eventstream/eventstreamapi",
    "private/protocol/json/jsonutil",
    "private/protocol/jsonrpc",
    "private/protocol/query",
    "private/protocol/query/queryutil",
    "private/protocol/rest",
    "private/protocol/restjson",
    "private/protocol/restxml",
    "private/protocol/xml/xmlutil",
    "service/acm",
    "service/autoscaling",
    "service/cloudwatchlogs",
    "service/dynamodb",
    "service/ec2",
    "service/ecs",
    "service/iam",
    "service/kms",
    "service/lambda",
    "service/rds",
    "service/s3",
    "service/s3/internal/arn",
    "service/s3/s3iface",
    "service/s3/s3manager",
    "service/sns",
    "service/sqs",
    "service/ssm",
    "service/sts",
    "service/sts/stsiface",
  ]
  pruneopts = ""
  revision = "2906c121f728749cfb141319b66573ec1e21a234"
  version = "v1.32.3"

[[projects]]
  digest = "1:b529f4bf748979caa18b599d40d13e8b6e591a74b340f315ce4f95e119c288c2"
  name = "github.com/boombuler/barcode"
  packages = [
    ".",
    "qr",
    "utils",
  ]
  pruneopts = ""
  revision = "3cfea5ab600ae37946be2b763b8ec2c1cf2d272d"
  version = "v1.0.0"

[[projects]]
  digest = "1:141635a36d65611d06a05ec1d17be950e386426b6540169fe7c9476df41f6493"
  name = "github.com/cpuguy83/go-md2man"
  packages = ["md2man"]
  pruneopts = ""
  revision = "7762f7e404f8416dfa1d9bb6a8c192aa9acb4d19"
  version = "v1.0.10"

[[projects]]
  digest = "1:0deddd908b6b4b768cfc272c16ee61e7088a60f7fe2f06c547bd3d8e1f8b8e77"
  name = "github.com/davecgh/go-spew"
  packages = ["spew"]
  pruneopts = ""
  revision = "8991bc29aa16c548c550c7ff78260e27b9ab7c73"
  version = "v1.1.1"

[[projects]]
  branch = "master"
  digest = "1:d6c13a378213e3de60445e49084b8a0a9ce582776dfc77927775dbeb3ff72a35"
  name = "github.com/docker/spdystream"
  packages = [
    ".",
    "spdy",
  ]
  pruneopts = ""
  revision = "6480d4af844c189cf5dd913db24ddd339d3a4f85"

[[projects]]
  digest = "1:1d82c946eabc8a3cad94bb9a914527486815b0b6396995c8f6ad16ea50abf678"
  name = "github.com/emicklei/go-restful"
  packages = [
    ".",
    "log",
  ]
  pruneopts = ""
  revision = "81a0793b7c4db7e7a3b86dec8d542edbbd3e6a22"
  version = "v2.13.0"

[[projects]]
  digest = "1:b13707423743d41665fd23f0c36b2f37bb49c30e94adb813319c44188a51ba22"
  name = "github.com/ghodss/yaml"
  packages = ["."]
  pruneopts = ""
  revision = "0ca9ea5df5451ffdf184b4428c902747c2c11cd7"
  version = "v1.0.0"

[[projects]]
  digest = "1:6620a2846e620b336589751988e2b5907cc80a5ee1f3170eb2423304f996eaeb"
  name = "github.com/go-errors/errors"
  packages = ["."]
  pruneopts = ""
  revision = "7c023725d0115f2e05423b2b43a8f85c42f7a6af"
  version = "v1.1.1"

[[projects]]
  digest = "1:47688961daa2895c860642608d671822b7b53fed1e3e3e2d46506f01dcddaae3"
  name = "github.com/go-openapi/jsonpointer"
  packages = ["."]
  pruneopts = ""
  revision = "ed123515f087412cd7ef02e49b0b0a5e6a79a360"
  version = "v0.19.3"

[[projects]]
  digest = "1:69c513ad15614075cbb474bc636fbb901aa3e9273a6da3d583df76fa62ec83d3"
  name = "github.com/go-openapi/jsonreference"
  packages = ["."]
  pruneopts = ""
  revision = "82f31475a8f7a12bc26962f6e26ceade8ea6f66a"
  version = "v0.19.3"

[[projects]]
  digest = "1:5abf8c99bb6fe5fcd9b336a1fcd1707e7558288bde9e2b7c8c8c18184da425a2"
  name = "github.com/go-openapi/spec"
  packages = ["."]
  pruneopts = ""
  revision = "1a91a85df30408d932152159dc7aac569a39cac9"
  version = "v0.19.8"

[[projects]]
  digest = "1:7f89974c92a751207c7b0eac0a728dc86f2d1e004c40a18554065d058d21a122"
  name = "github.com/go-openapi/swag"
  packages = ["."]
  pruneopts = ""
  revision = "ab98f8e6456407f6afd63e441c5304d6ef60cb7f"
  version = "v0.19.9"

[[projects]]
  digest = "1:a67f9275b42e8bb95ba38f705062175ef65538bcdc107e0771763e6cde80c3c3"
  name = "github.com/go-sql-driver/mysql"
  packages = ["."]
  pruneopts = ""
  revision = "17ef3dd9d98b69acec3e85878995ada9533a9370"
  version = "v1.5.0"

[[projects]]
  digest = "1:d69d2ba23955582a64e367ff2b0808cdbd048458c178cea48f11ab8c40bd7aea"
  name = "github.com/gogo/protobuf"
  packages = [
    "proto",
    "sortkeys",
  ]
  pruneopts = ""
  revision = "5628607bb4c51c3157aacc3a50f0ab707582b805"
  version = "v1.3.1"

[[projects]]
  digest = "1:02c7a8570f619bdb5620e8f6a16407455c8e63433d8a9e829f618813dc7f89a5"
  name = "github.com/golang/protobuf"
  packages = [
    "proto",
    "ptypes",
    "ptypes/any",
    "ptypes/duration",
    "ptypes/timestamp",
  ]
  pruneopts = ""
  revision = "d04d7b157bb510b1e0c10132224b616ac0e26b17"
  version = "v1.4.2"

[[projects]]
  digest = "1:16ecf9e89b8b1310d9566a53484c31c5241bb47c32162eba780b46c0dfb58fef"
  name = "github.com/google/gofuzz"
  packages = ["."]
  pruneopts = ""
  revision = "db92cf7ae75e4a7a28abc005addab2b394362888"
  version = "v1.1.0"

[[projects]]
  digest = "1:ad92aa49f34cbc3546063c7eb2cabb55ee2278b72842eda80e2a20a8a06a8d73"
  name = "github.com/google/uuid"
  packages = ["."]
  pruneopts = ""
  revision = "0cd6bf5da1e1c83f8b45653022c74f71af0538a4"
  version = "v1.1.1"

[[projects]]
  digest = "1:2910e18ef4f095cf30d095f6764f2a1031c7206c7f7f89cf892a154b6dc0bc2a"
  name = "github.com/googleapis/gnostic"
  packages = [
    "OpenAPIv2",
    "compiler",
    "extensions",
  ]
  pruneopts = ""
  revision = "99384834bf8c58ce7ab88db353283bedcb53e1ca"
  version = "v0.4.0"

[[projects]]
  digest = "1:994ebfbab4d56678b67859e10f728221bdc9fb267478891731643f9ce931a769"
  name = "github.com/gruntwork-io/gruntwork-cli"
  packages = [
    "collections",
    "errors",
  ]
  pruneopts = ""
  revision = "00c7cf83f6832942954ee890cf6e8a525b5caec1"
  version = "v0.6.1"

[[projects]]
  digest = "1:661e85cbd926440eb76ff82f8f72e22148056beb822774587df7f23c06607f96"
  name = "github.com/gruntwork-io/terratest"
  packages = [
    "modules/aws",
    "modules/collections",
    "modules/customerrors",
    "modules/environment",
    "modules/files",
    "modules/helm",
    "modules/k8s",
    "modules/logger",
    "modules/random",
    "modules/retry",
    "modules/shell",
    "modules/ssh",
    "modules/testing",
  ]
  pruneopts = ""
  revision = ""
  version = "v0.28.5"

[[projects]]
  digest = "1:99b3e0d0cb2faa726a72f1914c6b14ff9315099a8bda9e12287da38d3aea1fab"
  name = "github.com/imdario/mergo"
  packages = ["."]
  pruneopts = ""
  revision = "66f88b4ae75f5edcc556623b96ff32c06360fbb7"
  version = "v0.3.9"

[[projects]]
  digest = "1:13fe471d0ed891e8544eddfeeb0471fd3c9f2015609a1c000aefdedf52a19d40"
  name = "github.com/jmespath/go-jmespath"
  packages = ["."]
  pruneopts = ""
  revision = "c2b33e84"

[[projects]]
  digest = "1:0ca371aa3cb9af09c445d4bcb6f07841ab75677f5b03c21cca0c7b5b2759146c"
  name = "github.com/json-iterator/go"
  packages = ["."]
  pruneopts = ""
  revision = "a1ca0830781e007c66b225121d2cdb3a649421f6"
  version = "v1.1.10"

[[projects]]
  digest = "1:31c62b5b23e16ebb8cb6dab1e39dd331b8d397a7973f5c91e46e6328abe93fa4"
  name = "github.com/mailru/easyjson"
  packages = [
    "buffer",
    "jlexer",
    "jwriter",
  ]
  pruneopts = ""
  revision = "8edcc4e51f39ddbd3505a3386aff3f435a7fd028"
  version = "v0.7.1"

[[projects]]
  digest = "1:6dbb0eb72090871f2e58d1e37973fe3cb8c0f45f49459398d3fc740cb30e13bd"
  name = "github.com/mitchellh/go-homedir"
  packages = ["."]
  pruneopts = ""
  revision = "af06845cf3004701891bf4fdb884bfe4920b3727"
  version = "v1.1.0"

[[projects]]
  digest = "1:0c0ff2a89c1bb0d01887e1dac043ad7efbf3ec77482ef058ac423d13497e16fd"
  name = "github.com/modern-go/concurrent"
  packages = ["."]
  pruneopts = ""
  revision = "bacd9c7ef1dd9b15be4a9909b8ac7a4e313eec94"
  version = "1.0.3"

[[projects]]
  digest = "1:e32bdbdb7c377a07a9a46378290059822efdce5c8d96fe71940d87cb4f918855"
  name = "github.com/modern-go/reflect2"
  packages = ["."]
  pruneopts = ""
  revision = "4b7aa43c6742a2c18fdef89dd197aaae7dac7ccd"
  version = "1.0.1"

[[projects]]
  digest = "1:256484dbbcd271f9ecebc6795b2df8cad4c458dd0f5fd82a8c2fa0c29f233411"
  name = "github.com/pmezard/go-difflib"
  packages = ["difflib"]
  pruneopts = ""
  revision = "792786c7400a136282c1664665ae0a8db921c6c2"
  version = "v1.0.0"

[[projects]]
  digest = "1:09d0eed1a0e502dfff8227c3fdbe022ea4bd722c1db3daf7251f20cfc549b428"
  name = "github.com/pquerna/otp"
  packages = [
    ".",
    "hotp",
    "totp",
  ]
  pruneopts = ""
  revision = "43bebefda392017900e7a7b237b4c914c6a55b50"
  version = "v1.2.0"

[[projects]]
  digest = "1:2761e287c811d0948d47d0252b82281eca3801eb3c9d5f9530956643d5b9f430"
  name = "github.com/russross/blackfriday"
  packages = ["."]
  pruneopts = ""
  revision = ""
  version = "v1.5.2"

[[projects]]
  digest = "1:688428eeb1ca80d92599eb3254bdf91b51d7e232fead3a73844c1f201a281e51"
  name = "github.com/spf13/pflag"
  packages = ["."]
  pruneopts = ""
  revision = "2e9d26c8c37aae03e3f9d4e90b7116f5accb7cab"
  version = "v1.0.5"

[[projects]]
  digest = "1:83fd2513b9f6ae0997bf646db6b74e9e00131e31002116fda597175f25add42d"
  name = "github.com/stretchr/testify"
  packages = [
    "assert",
    "require",
  ]
  pruneopts = ""
  revision = "f654a9112bbeac49ca2cd45bfbe11533c4666cf8"
  version = "v1.6.1"

[[projects]]
  digest = "1:c6b7dd6b1f602f71a9522d03a65150ace6550839b71c543efa5686d56686c913"
  name = "github.com/urfave/cli"
  packages = ["."]
  pruneopts = ""
  revision = "bfe2e925cfb6d44b40ad3a779165ea7e8aff9212"
  version = "v1.22.0"

[[projects]]
  branch = "master"
  digest = "1:9c2bc2263b3c81abf8ae29258c5bafca98fad85fc89a564f1a38591dd78940da"
  name = "golang.org/x/crypto"
  packages = [
    "blowfish",
    "chacha20",
    "curve25519",
    "ed25519",
    "ed25519/internal/edwards25519",
    "internal/subtle",
    "poly1305",
    "ssh",
    "ssh/agent",
    "ssh/internal/bcrypt_pbkdf",
    "ssh/terminal",
  ]
  pruneopts = ""
  revision = "70a84ac30bf957c7df57edd1935d2081871515e1"

[[projects]]
  branch = "master"
  digest = "1:7254fd3f1a6e5ae98ab721ce6f3f09a79a59d3a1426e045fabc2548101e37333"
  name = "golang.org/x/net"
  packages = [
    "context",
    "context/ctxhttp",
    "http/httpguts",
    "http2",
    "http2/hpack",
    "idna",
  ]
  pruneopts = ""
  revision = "627f9648deb96c27737b83199d44bb5c1010cbcf"

[[projects]]
  branch = "master"
  digest = "1:571c7f844acf3c916ac5997f82f227c49a38490f1fca65afd47d64d188ced96e"
  name = "golang.org/x/oauth2"
  packages = [
    ".",
    "google",
    "internal",
    "jws",
    "jwt",
  ]
  pruneopts = ""
  revision = "bf48bf16ab8d622ce64ec6ce98d2c98f916b6303"

[[projects]]
  branch = "master"
  digest = "1:2f13557a4f38b156fad66bda9a10ef513935b8f94d1a2830548d671c40cb6c3e"
  name = "golang.org/x/sys"
  packages = [
    "cpu",
    "internal/unsafeheader",
    "unix",
    "windows",
  ]
  pruneopts = ""
  revision = "f1bc736245b146b19d485cdbc534f9a765257080"

[[projects]]
  digest = "1:fccda34e4c58111b1908d8d69bf8d57c41c8e2542bc18ec8cd38c4fa21057f71"
  name = "golang.org/x/text"
  packages = [
    "collate",
    "collate/build",
    "internal/colltab",
    "internal/gen",
    "internal/language",
    "internal/language/compact",
    "internal/tag",
    "internal/triegen",
    "internal/ucd",
    "language",
    "secure/bidirule",
    "transform",
    "unicode/bidi",
    "unicode/cldr",
    "unicode/norm",
    "unicode/rangetable",
    "width",
  ]
  pruneopts = ""
  revision = "23ae387dee1f90d29a23c0e87ee0b46038fbed0e"
  version = "v0.3.3"

[[projects]]
  branch = "master"
  digest = "1:07018fe3fe743a7f5eefb2dd0b64eb2991c63cced8c299333378489675112f58"
  name = "golang.org/x/time"
  packages = ["rate"]
  pruneopts = ""
  revision = "89c76fbcd5d1cd4969e5d2fe19d48b19d5ad94a0"

[[projects]]
  digest = "1:2724bc9a6f84121903b6e33edc295b8182a95bb36535244fe2477ae64ba17654"
  name = "google.golang.org/appengine"
  packages = [
    ".",
    "internal",
    "internal/app_identity",
    "internal/base",
    "internal/datastore",
    "internal/log",
    "internal/modules",
    "internal/remote_api",
    "internal/urlfetch",
    "urlfetch",
  ]
  pruneopts = ""
  revision = "553959209a20f3be281c16dd5be5c740a893978f"
  version = "v1.6.6"

[[projects]]
  digest = "1:7579d802036911f3a087652830860739fcd8a03967ad5a3531e190aefe647f9d"
  name = "google.golang.org/protobuf"
  packages = [
    "encoding/prototext",
    "encoding/protowire",
    "internal/descfmt",
    "internal/descopts",
    "internal/detrand",
    "internal/encoding/defval",
    "internal/encoding/messageset",
    "internal/encoding/tag",
    "internal/encoding/text",
    "internal/errors",
    "internal/fieldnum",
    "internal/fieldsort",
    "internal/filedesc",
    "internal/filetype",
    "internal/flags",
    "internal/genname",
    "internal/impl",
    "internal/mapsort",
    "internal/pragma",
    "internal/set",
    "internal/strs",
    "internal/version",
    "proto",
    "reflect/protoreflect",
    "reflect/protoregistry",
    "runtime/protoiface",
    "runtime/protoimpl",
    "types/known/anypb",
    "types/known/durationpb",
    "types/known/timestamppb",
  ]
  pruneopts = ""
  revision = "5c3dd7024aed895adfe053f26b5a479e991cbca9"
  version = "v1.24.0"

[[projects]]
  digest = "1:75fb3fcfc73a8c723efde7777b40e8e8ff9babf30d8c56160d01beffea8a95a6"
  name = "gopkg.in/inf.v0"
  packages = ["."]
  pruneopts = ""
  revision = "d2d2541c53f18d2a059457998ce2876cc8e67cbf"
  version = "v0.9.1"

[[projects]]
  digest = "1:43eca683d801087f3acacfd036474638bc5e293ff6078758d710d99c40ec3f7c"
  name = "gopkg.in/yaml.v2"
  packages = ["."]
  pruneopts = ""
  revision = "0b1645d91e851e735d3e23330303ce81f70adbe3"
  version = "v2.3.0"

[[projects]]
  branch = "v3"
  digest = "1:2e9c4d6def1d36dcd17730e00c06b49a2e97ea5e1e639bcd24fa60fa43e33ad6"
  name = "gopkg.in/yaml.v3"
  packages = ["."]
  pruneopts = ""
  revision = "eeeca48fe7764f320e4870d231902bf9c1be2c08"

[[projects]]
  digest = "1:02f053b644cc736098d8f7e286376c6d0c4eaf6ccc0465be985d94246dd1b4e3"
  name = "k8s.io/api"
  packages = [
    "admissionregistration/v1",
    "admissionregistration/v1beta1",
    "apps/v1",
    "apps/v1beta1",
    "apps/v1beta2",
    "auditregistration/v1alpha1",
    "authentication/v1",
    "authentication/v1beta1",
    "authorization/v1",
    "authorization/v1beta1",
    "autoscaling/v1",
    "autoscaling/v2beta1",
    "autoscaling/v2beta2",
    "batch/v1",
    "batch/v1beta1",
    "batch/v2alpha1",
    "certificates/v1beta1",
    "coordination/v1",
    "coordination/v1beta1",
    "core/v1",
    "discovery/v1alpha1",
    "discovery/v1beta1",
    "events/v1beta1",
    "extensions/v1beta1",
    "flowcontrol/v1alpha1",
    "networking/v1",
    "networking/v1beta1",
    "node/v1alpha1",
    "node/v1beta1",
    "policy/v1beta1",
    "rbac/v1",
    "rbac/v1alpha1",
    "rbac/v1beta1",
    "scheduling/v1",
    "scheduling/v1alpha1",
    "scheduling/v1beta1",
    "settings/v1alpha1",
    "storage/v1",
    "storage/v1alpha1",
    "storage/v1beta1",
  ]
  pruneopts = ""
  revision = "1e302578cbe7c928762bcfe8fe1dd5a3aaa07e94"
  version = "v0.18.3"

[[projects]]
  digest = "1:d64a52f91ab44f0ea02b3b9a8db736d69da308bad645f0733e6b480054cd7987"
  name = "k8s.io/apimachinery"
  packages = [
    "pkg/api/errors",
    "pkg/api/meta",
    "pkg/api/resource",
    "pkg/apis/meta/internalversion",
    "pkg/apis/meta/v1",
    "pkg/apis/meta/v1/unstructured",
    "pkg/apis/meta/v1beta1",
    "pkg/conversion",
    "pkg/conversion/queryparams",
    "pkg/fields",
    "pkg/labels",
    "pkg/runtime",
    "pkg/runtime/schema",
    "pkg/runtime/serializer",
    "pkg/runtime/serializer/json",
    "pkg/runtime/serializer/protobuf",
    "pkg/runtime/serializer/recognizer",
    "pkg/runtime/serializer/streaming",
    "pkg/runtime/serializer/versioning",
    "pkg/selection",
    "pkg/types",
    "pkg/util/clock",
    "pkg/util/errors",
    "pkg/util/framer",
    "pkg/util/httpstream",
    "pkg/util/httpstream/spdy",
    "pkg/util/intstr",
    "pkg/util/json",
    "pkg/util/naming",
    "pkg/util/net",
    "pkg/util/runtime",
    "pkg/util/sets",
    "pkg/util/validation",
    "pkg/util/validation/field",
    "pkg/util/wait",
    "pkg/util/yaml",
    "pkg/version",
    "pkg/watch",
    "third_party/forked/golang/netutil",
    "third_party/forked/golang/reflect",
  ]
  pruneopts = ""
  revision = "0da73201eee14a28f587e2d022e1c4ffb05d66d5"
  version = "v0.17.6"

[[projects]]
  digest = "1:82beb0ca585629768aeca7af9c717b1b53004696ac1c95fe44ff150840422537"
  name = "k8s.io/client-go"
  packages = [
    "discovery",
    "kubernetes",
    "kubernetes/scheme",
    "kubernetes/typed/admissionregistration/v1",
    "kubernetes/typed/admissionregistration/v1beta1",
    "kubernetes/typed/apps/v1",
    "kubernetes/typed/apps/v1beta1",
    "kubernetes/typed/apps/v1beta2",
    "kubernetes/typed/auditregistration/v1alpha1",
    "kubernetes/typed/authentication/v1",
    "kubernetes/typed/authentication/v1beta1",
    "kubernetes/typed/authorization/v1",
    "kubernetes/typed/authorization/v1beta1",
    "kubernetes/typed/autoscaling/v1",
    "kubernetes/typed/autoscaling/v2beta1",
    "kubernetes/typed/autoscaling/v2beta2",
    "kubernetes/typed/batch/v1",
    "kubernetes/typed/batch/v1beta1",
    "kubernetes/typed/batch/v2alpha1",
    "kubernetes/typed/certificates/v1beta1",
    "kubernetes/typed/coordination/v1",
    "kubernetes/typed/coordination/v1beta1",
    "kubernetes/typed/core/v1",
    "kubernetes/typed/discovery/v1alpha1",
    "kubernetes/typed/discovery/v1beta1",
    "kubernetes/typed/events/v1beta1",
    "kubernetes/typed/extensions/v1beta1",
    "kubernetes/typed/flowcontrol/v1alpha1",
    "kubernetes/typed/networking/v1",
    "kubernetes/typed/networking/v1beta1",
    "kubernetes/typed/node/v1alpha1",
    "kubernetes/typed/node/v1beta1",
    "kubernetes/typed/policy/v1beta1",
    "kubernetes/typed/rbac/v1",
    "kubernetes/typed/rbac/v1alpha1",
    "kubernetes/typed/rbac/v1beta1",
    "kubernetes/typed/scheduling/v1",
    "kubernetes/typed/scheduling/v1alpha1",
    "kubernetes/typed/scheduling/v1beta1",
    "kubernetes/typed/settings/v1alpha1",
    "kubernetes/typed/storage/v1",
    "kubernetes/typed/storage/v1alpha1",
    "kubernetes/typed/storage/v1beta1",
    "pkg/apis/clientauthentication",
    "pkg/apis/clientauthentication/v1alpha1",
    "pkg/apis/clientauthentication/v1beta1",
    "pkg/version",
    "plugin/pkg/client/auth/exec",
    "plugin/pkg/client/auth/gcp",
    "rest",
    "rest/watch",
    "third_party/forked/golang/template",
    "tools/auth",
    "tools/clientcmd",
    "tools/clientcmd/api",
    "tools/clientcmd/api/latest",
    "tools/clientcmd/api/v1",
    "tools/metrics",
    "tools/portforward",
    "tools/reference",
    "transport",
    "transport/spdy",
    "util/cert",
    "util/connrotation",
    "util/flowcontrol",
    "util/homedir",
    "util/jsonpath",
    "util/keyutil",
    "util/workqueue",
  ]
  pruneopts = ""
  revision = ""
  version = "v0.18.3"

[[projects]]
  digest = "1:4c91eef9ab2710c17b4cb3ebf33f902970e79394a6d44b763fe486c225531e84"
  name = "k8s.io/ingress-gce"
  packages = [
    "pkg/apis/backendconfig",
    "pkg/apis/backendconfig/v1beta1",
  ]
  pruneopts = ""
  revision = "317b13638e57215cb05412162e998f2772511a30"
  version = "v1.9.7"

[[projects]]
  digest = "1:5afb58506f8972419a6e93f051513854291127189f04607aac1388eb378c0608"
  name = "k8s.io/klog"
  packages = ["."]
  pruneopts = ""
  revision = ""
  version = "v0.2.0"

[[projects]]
  branch = "master"
  digest = "1:dd94237db695b4a4f199b85fcb2661c898bbd9b19b2e63b90697e273d9c46835"
  name = "k8s.io/kube-openapi"
  packages = ["pkg/common"]
  pruneopts = ""
  revision = "dffdd1682719d41e2bbf1581319af552fad133c4"

[[projects]]
  digest = "1:f49689b09aa099f3745d45708a177bf9329f68bc53425e6ea289177a2abf5be5"
  name = "k8s.io/kubernetes"
  packages = [
    "pkg/apis/autoscaling",
    "pkg/apis/core",
  ]
  pruneopts = ""
  revision = "c96aede7b5205121079932896c4ad89bb93260af"
  version = "v1.18.4"

[[projects]]
  branch = "master"
  digest = "1:67ac3c4488f3e0fb02b2672d032b1630145c6160c346b56e84e079fadab86ca0"
  name = "k8s.io/utils"
  packages = ["integer"]
  pruneopts = ""
  revision = "c1c6865ac45113491fd8207923d28d4bcff03a88"

[[projects]]
  digest = "1:fa42dad320d4fb0962edb171bd3a2edd36077ca009f80b294ac4141c49446f15"
  name = "sigs.k8s.io/yaml"
  packages = ["."]
  pruneopts = ""
  revision = "9fc95527decd95bb9d28cc2eab08179b2d0f6971"
  version = "v1.2.0"

[solve-meta]
  analyzer-name = "dep"
  analyzer-version = 1
  input-imports = [
    "github.com/GoogleCloudPlatform/gke-managed-certs/pkg/apis/networking.gke.io/v1beta1",
    "github.com/gruntwork-io/terratest/modules/helm",
    "github.com/stretchr/testify/require",
    "k8s.io/api/apps/v1",
    "k8s.io/api/apps/v1beta2",
    "k8s.io/api/batch/v1",
    "k8s.io/api/core/v1",
    "k8s.io/api/extensions/v1beta1",
    "k8s.io/api/networking/v1",
    "k8s.io/api/policy/v1beta1",
    "k8s.io/api/rbac/v1",
    "k8s.io/apimachinery/pkg/api/resource",
    "k8s.io/apimachinery/pkg/apis/meta/v1",
    "k8s.io/apimachinery/pkg/util/intstr",
    "k8s.io/ingress-gce/pkg/apis/backendconfig/v1beta1",
    "k8s.io/kubernetes/pkg/apis/autoscaling",
    "k8s.io/kubernetes/pkg/apis/core",
  ]
  solver-name = "gps-cdcl"
  solver-version = 1
